
Microsoft Visual Studio Solution File, Format Version 12.00
# Visual Studio 15
VisualStudioVersion = 15.0.27428.2043
MinimumVisualStudioVersion = 10.0.40219.1
Project("{FAE04EC0-301F-11D3-BF4B-00C04F79EFBC}") = "reversi", "reversi\reversi.csproj", "{FD94B687-6040-4A36-865B-32BB9E0DF1B5}"
EndProject
Global
	GlobalSection(SolutionConfigurationPlatforms) = preSolution
		Debug|Any CPU = Debug|Any CPU
		Release|Any CPU = Release|Any CPU
	EndGlobalSection
	GlobalSection(ProjectConfigurationPlatforms) = postSolution
		{FD94B687-6040-4A36-865B-32BB9E0DF1B5}.Debug|Any CPU.ActiveCfg = Debug|Any CPU
		{FD94B687-6040-4A36-865B-32BB9E0DF1B5}.Debug|Any CPU.Build.0 = Debug|Any CPU
		{FD94B687-6040-4A36-865B-32BB9E0DF1B5}.Release|Any CPU.ActiveCfg = Release|Any CPU
		{FD94B687-6040-4A36-865B-32BB9E0DF1B5}.Release|Any CPU.Build.0 = Release|Any CPU
	EndGlobalSection
	GlobalSection(SolutionProperties) = preSolution
		HideSolutionNode = FALSE
	EndGlobalSection
	GlobalSection(ExtensibilityGlobals) = postSolution
		SolutionGuid = {77A2DA98-7B04-46EB-B3C1-520FA46DB27C}
	EndGlobalSection
EndGlobal
