
Microsoft Visual Studio Solution File, Format Version 12.00
# Visual Studio 15
VisualStudioVersion = 15.0.27428.2043
MinimumVisualStudioVersion = 10.0.40219.1
Project("{FAE04EC0-301F-11D3-BF4B-00C04F79EFBC}") = "guessnumber", "guessnumber\guessnumber.csproj", "{5A6EB1E7-1E2D-4EF1-825B-F613AF5801F4}"
EndProject
Global
	GlobalSection(SolutionConfigurationPlatforms) = preSolution
		Debug|Any CPU = Debug|Any CPU
		Release|Any CPU = Release|Any CPU
	EndGlobalSection
	GlobalSection(ProjectConfigurationPlatforms) = postSolution
		{5A6EB1E7-1E2D-4EF1-825B-F613AF5801F4}.Debug|Any CPU.ActiveCfg = Debug|Any CPU
		{5A6EB1E7-1E2D-4EF1-825B-F613AF5801F4}.Debug|Any CPU.Build.0 = Debug|Any CPU
		{5A6EB1E7-1E2D-4EF1-825B-F613AF5801F4}.Release|Any CPU.ActiveCfg = Release|Any CPU
		{5A6EB1E7-1E2D-4EF1-825B-F613AF5801F4}.Release|Any CPU.Build.0 = Release|Any CPU
	EndGlobalSection
	GlobalSection(SolutionProperties) = preSolution
		HideSolutionNode = FALSE
	EndGlobalSection
	GlobalSection(ExtensibilityGlobals) = postSolution
		SolutionGuid = {CEFBE82B-5B36-4AEB-8030-D5A26E51A70D}
	EndGlobalSection
EndGlobal
